PODS:
  - Alamofire (4.7.0)
  - Bolts (1.9.0):
    - Bolts/AppLinks (= 1.9.0)
    - Bolts/Tasks (= 1.9.0)
  - Bolts/AppLinks (1.9.0):
    - Bolts/Tasks
  - Bolts/Tasks (1.9.0)
  - CardIO (5.4.1)
  - CreditCardForm (0.1.7)
  - DatePickerDialog (2.0)
  - ESTabBarController-swift (2.6.1)
  - FBSDKCoreKit (4.31.1):
    - Bolts (~> 1.7)
  - FBSDKLoginKit (4.31.1):
    - FBSDKCoreKit
  - Firebase/Analytics (4.10.1):
    - Firebase/Core
  - Firebase/Core (4.10.1):
    - FirebaseAnalytics (= 4.1.0)
    - FirebaseCore (= 4.0.17)
  - Firebase/Messaging (4.10.1):
    - Firebase/Core
    - FirebaseMessaging (= 2.1.1)
  - FirebaseAnalytics (4.1.0):
    - FirebaseCore (~> 4.0)
    - FirebaseInstanceID (~> 2.0)
    - GoogleToolboxForMac/NSData+zlib (~> 2.1)
    - nanopb (~> 0.3)
  - FirebaseCore (4.0.17):
    - GoogleToolboxForMac/NSData+zlib (~> 2.1)
  - FirebaseInstanceID (2.0.9):
    - FirebaseCore (~> 4.0)
  - FirebaseMessaging (2.1.1):
    - FirebaseAnalytics (~> 4.1)
    - FirebaseCore (~> 4.0)
    - FirebaseInstanceID (~> 2.0)
    - GoogleToolboxForMac/Logger (~> 2.1)
    - Protobuf (~> 3.5)
  - GoogleSignIn (4.1.2):
    - GoogleToolboxForMac/NSDictionary+URLArguments (~> 2.1)
    - GoogleToolboxForMac/NSString+URLArguments (~> 2.1)
    - GTMOAuth2 (~> 1.0)
    - GTMSessionFetcher/Core (~> 1.1)
  - GoogleToolboxForMac/DebugUtils (2.1.3):
    - GoogleToolboxForMac/Defines (= 2.1.3)
  - GoogleToolboxForMac/Defines (2.1.3)
  - GoogleToolboxForMac/Logger (2.1.3):
    - GoogleToolboxForMac/Defines (= 2.1.3)
  - GoogleToolboxForMac/NSData+zlib (2.1.3):
    - GoogleToolboxForMac/Defines (= 2.1.3)
  - GoogleToolboxForMac/NSDictionary+URLArguments (2.1.3):
    - GoogleToolboxForMac/DebugUtils (= 2.1.3)
    - GoogleToolboxForMac/Defines (= 2.1.3)
    - GoogleToolboxForMac/NSString+URLArguments (= 2.1.3)
  - GoogleToolboxForMac/NSString+URLArguments (2.1.3)
  - GTMOAuth2 (1.1.6):
    - GTMSessionFetcher (~> 1.1)
  - GTMSessionFetcher (1.1.14):
    - GTMSessionFetcher/Full (= 1.1.14)
  - GTMSessionFetcher/Core (1.1.14)
  - GTMSessionFetcher/Full (1.1.14):
    - GTMSessionFetcher/Core (= 1.1.14)
  - ImagePicker (3.0.0)
  - Kingfisher (4.6.3)
  - Localize-Swift (2.0.0)
  - McPicker (1.0.0)
  - nanopb (0.3.8):
    - nanopb/decode (= 0.3.8)
    - nanopb/encode (= 0.3.8)
  - nanopb/decode (0.3.8)
  - nanopb/encode (0.3.8)
  - NVActivityIndicatorView (4.1.1):
    - NVActivityIndicatorView/Presenter (= 4.1.1)
  - NVActivityIndicatorView/Presenter (4.1.1)
  - Presentr (1.3)
  - Protobuf (3.5.0)
  - PullToMakeSoup (2.0):
    - PullToRefresher (~> 2.0)
  - PullToRefresher (2.0.2)
  - ReachabilitySwift (4.1.0)
  - RESideMenu (4.0.7)
  - ScalingCarousel (2.1)
  - SideMenu (3.1.5)
  - StarryStars (1.0.0)
  - Stripe (12.1.1)
  - SwiftDate (4.5.1)
  - SwiftMessages (4.1.0)
  - SwiftyJSON (4.0.0)
  - TTGEmojiRate (0.3.0)
  - UIWindowTransitions (0.1.1)

DEPENDENCIES:
  - Alamofire
  - CardIO
  - CreditCardForm
  - DatePickerDialog
  - ESTabBarController-swift
  - FBSDKCoreKit
  - FBSDKLoginKit
  - Firebase/Analytics
  - Firebase/Core
  - Firebase/Messaging
  - GoogleSignIn
  - ImagePicker
  - Kingfisher
  - Localize-Swift
  - McPicker
  - NVActivityIndicatorView
  - Presentr
  - PullToMakeSoup (~> 2.0)
  - PullToRefresher (from `https://github.com/MindSea/PullToRefresh`, branch `fix-simultaneous-access`)
  - ReachabilitySwift
  - RESideMenu (~> 4.0.7)
  - ScalingCarousel
  - SideMenu
  - StarryStars
  - Stripe
  - SwiftDate
  - SwiftMessages
  - SwiftyJSON
  - TTGEmojiRate (~> 0.3)
  - UIWindowTransitions

EXTERNAL SOURCES:
  PullToRefresher:
    :branch: fix-simultaneous-access
    :git: https://github.com/MindSea/PullToRefresh

CHECKOUT OPTIONS:
  PullToRefresher:
    :commit: 087ec3fb5a2f7674f269b919299636d1959a4391
    :git: https://github.com/MindSea/PullToRefresh

SPEC CHECKSUMS:
  Alamofire: 907e0a98eb68cdb7f9d1f541a563d6ac5dc77b25
  Bolts: ac6567323eac61e203f6a9763667d0f711be34c8
  CardIO: 56983b39b62f495fc6dae9ad7cf875143df06443
  CreditCardForm: 66f0ce5a12182000a457d56f5630049efd3432df
  DatePickerDialog: 5e1c24d9fe6506cd45dbc573eed7b0a251b1c09d
  ESTabBarController-swift: 1e629e60bc6a87c1ea92a5309489b9f8dde15fa2
  FBSDKCoreKit: e08ccfcefa7bc1347a07c276dac9bf6c7fe57024
  FBSDKLoginKit: 99797ac39252fef6f72600b886f6ee60b4b29cab
  Firebase: 92c6ba593e32db0defde464a9adc981d5cb49f97
  FirebaseAnalytics: 3dfae28d4a5e06f86c4fae830efc2ad3fadb19bc
  FirebaseCore: 872307b001bbefda1dfa0dbfffa50a6919023d4a
  FirebaseInstanceID: d2058a35e9bebda1b6dd42486b84917bde552a9d
  FirebaseMessaging: db0e01c52ef7e1f42846431273558107d084ede4
  GoogleSignIn: d9ef55b10f0aa401a5de2747f59b725e4b9732ac
  GoogleToolboxForMac: 2501e2ad72a52eb3dfe7bd9aee7dad11b858bd20
  GTMOAuth2: c77fe325e4acd453837e72d91e3b5f13116857b2
  GTMSessionFetcher: 390ea358e5a0d0133153806f744662dad933d06b
  ImagePicker: 973953c25960fe04729a7082a56194321c6762d2
  Kingfisher: 98e6d5b5e807645743e8ed5ececd25d688d38452
  Localize-Swift: c798ec9286494866f7068f85f7c71283ac5bdab4
  McPicker: 130183cd3d22fc6933ea9e63c5a0d0d1becc0122
  nanopb: 5601e6bca2dbf1ed831b519092ec110f66982ca3
  NVActivityIndicatorView: 60109b9bf46efc2e71ab81453196ccdfdfeea870
  Presentr: 3f0825a42cb32ecd8fc6b6d0b0de87d7d0b42482
  Protobuf: 8a9838fba8dae3389230e1b7f8c104aa32389c03
  PullToMakeSoup: 384a57220e1c197220427494d5959dda73400435
  PullToRefresher: 9d66e6a86fb9e1d8fa861c4bbd263e88f5dfc0bd
  ReachabilitySwift: 6849231cd4e06559f3b9ef4a97a0a0f96d41e09f
  RESideMenu: f24c508404b49c667344c54aba7e590883533958
  ScalingCarousel: ceb3cfcf76c3420b4b5d82ad5e76cd25078e0505
  SideMenu: 47dbf9e4d878062d8994aed43f6e4bf6c1fea30b
  StarryStars: 1d5bdde3060a6ab5c68c8229506040ee297efceb
  Stripe: f8e8feff38ba5caf7b2568c64eab96b0440ecb95
  SwiftDate: 7b56d42a221f582047287deb256b23fc5ed49a60
  SwiftMessages: 1bacc783c8f10bdfdc57c14860cae8a1f1fa6591
  SwiftyJSON: 070dabdcb1beb81b247c65ffa3a79dbbfb3b48aa
  TTGEmojiRate: 9b295b22e42874acfd717a9ae606e259995b83d0
  UIWindowTransitions: 95836d4d85b824227909ada40a2cbf885eb26c69

PODFILE CHECKSUM: 5858a91d4ba259e426b7aa36e9d516f46f86d076

COCOAPODS: 1.4.0
